// !$*UTF8*$!
{
	archiveVersion = 1;
	classes = {
	};
	objectVersion = 46;
	objects = {

/* Begin PBXBuildFile section */
		B2094B08153B312B00E57181 /* UIKit.framework in Frameworks */ = {isa = PBXBuildFile; fileRef = B2094B07153B312B00E57181 /* UIKit.framework */; };
		B2094B0A153B312B00E57181 /* Foundation.framework in Frameworks */ = {isa = PBXBuildFile; fileRef = B2094B09153B312B00E57181 /* Foundation.framework */; };
		B2094B0C153B312B00E57181 /* CoreGraphics.framework in Frameworks */ = {isa = PBXBuildFile; fileRef = B2094B0B153B312B00E57181 /* CoreGraphics.framework */; };
		B2094B12153B312B00E57181 /* InfoPlist.strings in Resources */ = {isa = PBXBuildFile; fileRef = B2094B10153B312B00E57181 /* InfoPlist.strings */; };
		B2094B14153B312B00E57181 /* main.m in Sources */ = {isa = PBXBuildFile; fileRef = B2094B13153B312B00E57181 /* main.m */; };
		B2094B18153B312B00E57181 /* CounterAppDelegate.m in Sources */ = {isa = PBXBuildFile; fileRef = B2094B17153B312B00E57181 /* CounterAppDelegate.m */; };
		B2094B1B153B312B00E57181 /* MainStoryboard.storyboard in Resources */ = {isa = PBXBuildFile; fileRef = B2094B19153B312B00E57181 /* MainStoryboard.storyboard */; };
		B2094B1E153B312B00E57181 /* CounterViewController.m in Sources */ = {isa = PBXBuildFile; fileRef = B2094B1D153B312B00E57181 /* CounterViewController.m */; };
		B2094B26153B312B00E57181 /* SenTestingKit.framework in Frameworks */ = {isa = PBXBuildFile; fileRef = B2094B25153B312B00E57181 /* SenTestingKit.framework */; };
		B2094B27153B312B00E57181 /* UIKit.framework in Frameworks */ = {isa = PBXBuildFile; fileRef = B2094B07153B312B00E57181 /* UIKit.framework */; };
		B2094B28153B312B00E57181 /* Foundation.framework in Frameworks */ = {isa = PBXBuildFile; fileRef = B2094B09153B312B00E57181 /* Foundation.framework */; };
		B2094B30153B312B00E57181 /* InfoPlist.strings in Resources */ = {isa = PBXBuildFile; fileRef = B2094B2E153B312B00E57181 /* InfoPlist.strings */; };
		B2094B33153B312B00E57181 /* app_ichiyazuke_iosTests.m in Sources */ = {isa = PBXBuildFile; fileRef = B2094B32153B312B00E57181 /* app_ichiyazuke_iosTests.m */; };
		B2B03664154273AF003E211D /* ichiyazuke_icon_002.png in Resources */ = {isa = PBXBuildFile; fileRef = B2B03662154273AF003E211D /* ichiyazuke_icon_002.png */; };
		B2B0366615427459003E211D /* ichiyazuke_icon_001.png in Resources */ = {isa = PBXBuildFile; fileRef = B2B0366515427459003E211D /* ichiyazuke_icon_001.png */; };
		B2B0366A15427873003E211D /* Default.png in Resources */ = {isa = PBXBuildFile; fileRef = B2B0366915427873003E211D /* Default.png */; };
		B2B0366E15427A27003E211D /* Default@2x.png in Resources */ = {isa = PBXBuildFile; fileRef = B2B0366D15427A27003E211D /* Default@2x.png */; };
/* End PBXBuildFile section */

/* Begin PBXContainerItemProxy section */
		B2094B29153B312B00E57181 /* PBXContainerItemProxy */ = {
			isa = PBXContainerItemProxy;
			containerPortal = B2094AFA153B312A00E57181 /* Project object */;
			proxyType = 1;
			remoteGlobalIDString = B2094B02153B312B00E57181;
			remoteInfo = app_ichiyazuke_ios;
		};
/* End PBXContainerItemProxy section */

/* Begin PBXFileReference section */
		B2094B03153B312B00E57181 /* app_ichiyazuke_ios.app */ = {isa = PBXFileReference; explicitFileType = wrapper.application; includeInIndex = 0; path = app_ichiyazuke_ios.app; sourceTree = BUILT_PRODUCTS_DIR; };
		B2094B07153B312B00E57181 /* UIKit.framework */ = {isa = PBXFileReference; lastKnownFileType = wrapper.framework; name = UIKit.framework; path = System/Library/Frameworks/UIKit.framework; sourceTree = SDKROOT; };
		B2094B09153B312B00E57181 /* Foundation.framework */ = {isa = PBXFileReference; lastKnownFileType = wrapper.framework; name = Foundation.framework; path = System/Library/Frameworks/Foundation.framework; sourceTree = SDKROOT; };
		B2094B0B153B312B00E57181 /* CoreGraphics.framework */ = {isa = PBXFileReference; lastKnownFileType = wrapper.framework; name = CoreGraphics.framework; path = System/Library/Frameworks/CoreGraphics.framework; sourceTree = SDKROOT; };
		B2094B0F153B312B00E57181 /* app_ichiyazuke_ios-Info.plist */ = {isa = PBXFileReference; lastKnownFileType = text.plist.xml; path = "app_ichiyazuke_ios-Info.plist"; sourceTree = "<group>"; };
		B2094B11153B312B00E57181 /* en */ = {isa = PBXFileReference; lastKnownFileType = text.plist.strings; name = en; path = en.lproj/InfoPlist.strings; sourceTree = "<group>"; };
		B2094B13153B312B00E57181 /* main.m */ = {isa = PBXFileReference; lastKnownFileType = sourcecode.c.objc; path = main.m; sourceTree = "<group>"; };
		B2094B15153B312B00E57181 /* app_ichiyazuke_ios-Prefix.pch */ = {isa = PBXFileReference; lastKnownFileType = sourcecode.c.h; path = "app_ichiyazuke_ios-Prefix.pch"; sourceTree = "<group>"; };
		B2094B16153B312B00E57181 /* CounterAppDelegate.h */ = {isa = PBXFileReference; lastKnownFileType = sourcecode.c.h; path = CounterAppDelegate.h; sourceTree = "<group>"; };
		B2094B17153B312B00E57181 /* CounterAppDelegate.m */ = {isa = PBXFileReference; lastKnownFileType = sourcecode.c.objc; path = CounterAppDelegate.m; sourceTree = "<group>"; };
		B2094B1A153B312B00E57181 /* en */ = {isa = PBXFileReference; lastKnownFileType = file.storyboard; name = en; path = en.lproj/MainStoryboard.storyboard; sourceTree = "<group>"; };
		B2094B1C153B312B00E57181 /* CounterViewController.h */ = {isa = PBXFileReference; lastKnownFileType = sourcecode.c.h; path = CounterViewController.h; sourceTree = "<group>"; };
		B2094B1D153B312B00E57181 /* CounterViewController.m */ = {isa = PBXFileReference; lastKnownFileType = sourcecode.c.objc; path = CounterViewController.m; sourceTree = "<group>"; };
		B2094B24153B312B00E57181 /* app_ichiyazuke_iosTests.octest */ = {isa = PBXFileReference; explicitFileType = wrapper.cfbundle; includeInIndex = 0; path = app_ichiyazuke_iosTests.octest; sourceTree = BUILT_PRODUCTS_DIR; };
		B2094B25153B312B00E57181 /* SenTestingKit.framework */ = {isa = PBXFileReference; lastKnownFileType = wrapper.framework; name = SenTestingKit.framework; path = Library/Frameworks/SenTestingKit.framework; sourceTree = DEVELOPER_DIR; };
		B2094B2D153B312B00E57181 /* app_ichiyazuke_iosTests-Info.plist */ = {isa = PBXFileReference; lastKnownFileType = text.plist.xml; path = "app_ichiyazuke_iosTests-Info.plist"; sourceTree = "<group>"; };
		B2094B2F153B312B00E57181 /* en */ = {isa = PBXFileReference; lastKnownFileType = text.plist.strings; name = en; path = en.lproj/InfoPlist.strings; sourceTree = "<group>"; };
		B2094B31153B312B00E57181 /* app_ichiyazuke_iosTests.h */ = {isa = PBXFileReference; lastKnownFileType = sourcecode.c.h; path = app_ichiyazuke_iosTests.h; sourceTree = "<group>"; };
		B2094B32153B312B00E57181 /* app_ichiyazuke_iosTests.m */ = {isa = PBXFileReference; lastKnownFileType = sourcecode.c.objc; path = app_ichiyazuke_iosTests.m; sourceTree = "<group>"; };
		B2B03662154273AF003E211D /* ichiyazuke_icon_002.png */ = {isa = PBXFileReference; lastKnownFileType = image.png; name = ichiyazuke_icon_002.png; path = ../ichiyazuke_icon_002.png; sourceTree = "<group>"; };
		B2B0366515427459003E211D /* ichiyazuke_icon_001.png */ = {isa = PBXFileReference; lastKnownFileType = image.png; name = ichiyazuke_icon_001.png; path = ../ichiyazuke_icon_001.png; sourceTree = "<group>"; };
		B2B0366915427873003E211D /* Default.png */ = {isa = PBXFileReference; lastKnownFileType = image.png; name = Default.png; path = ../Default.png; sourceTree = "<group>"; };
		B2B0366D15427A27003E211D /* Default@2x.png */ = {isa = PBXFileReference; lastKnownFileType = image.png; name = "Default@2x.png"; path = "../Default@2x.png"; sourceTree = "<group>"; };
/* End PBXFileReference section */

/* Begin PBXFrameworksBuildPhase section */
		B2094B00153B312B00E57181 /* Frameworks */ = {
			isa = PBXFrameworksBuildPhase;
			buildActionMask = 2147483647;
			files = (
				B2094B08153B312B00E57181 /* UIKit.framework in Frameworks */,
				B2094B0A153B312B00E57181 /* Foundation.framework in Frameworks */,
				B2094B0C153B312B00E57181 /* CoreGraphics.framework in Frameworks */,
			);
			runOnlyForDeploymentPostprocessing = 0;
		};
		B2094B20153B312B00E57181 /* Frameworks */ = {
			isa = PBXFrameworksBuildPhase;
			buildActionMask = 2147483647;
			files = (
				B2094B26153B312B00E57181 /* SenTestingKit.framework in Frameworks */,
				B2094B27153B312B00E57181 /* UIKit.framework in Frameworks */,
				B2094B28153B312B00E57181 /* Foundation.framework in Frameworks */,
			);
			runOnlyForDeploymentPostprocessing = 0;
		};
/* End PBXFrameworksBuildPhase section */

/* Begin PBXGroup section */
		B2094AF8153B312A00E57181 = {
			isa = PBXGroup;
			children = (
				B2094B0D153B312B00E57181 /* app_ichiyazuke_ios */,
				B2094B2B153B312B00E57181 /* app_ichiyazuke_iosTests */,
				B2094B06153B312B00E57181 /* Frameworks */,
				B2094B04153B312B00E57181 /* Products */,
			);
			sourceTree = "<group>";
		};
		B2094B04153B312B00E57181 /* Products */ = {
			isa = PBXGroup;
			children = (
				B2094B03153B312B00E57181 /* app_ichiyazuke_ios.app */,
				B2094B24153B312B00E57181 /* app_ichiyazuke_iosTests.octest */,
			);
			name = Products;
			sourceTree = "<group>";
		};
		B2094B06153B312B00E57181 /* Frameworks */ = {
			isa = PBXGroup;
			children = (
				B2094B07153B312B00E57181 /* UIKit.framework */,
				B2094B09153B312B00E57181 /* Foundation.framework */,
				B2094B0B153B312B00E57181 /* CoreGraphics.framework */,
				B2094B25153B312B00E57181 /* SenTestingKit.framework */,
			);
			name = Frameworks;
			sourceTree = "<group>";
		};
		B2094B0D153B312B00E57181 /* app_ichiyazuke_ios */ = {
			isa = PBXGroup;
			children = (
				B2B0366915427873003E211D /* Default.png */,
				B2B0366D15427A27003E211D /* Default@2x.png */,
				B2B0366515427459003E211D /* ichiyazuke_icon_001.png */,
				B2B03662154273AF003E211D /* ichiyazuke_icon_002.png */,
				B2094B16153B312B00E57181 /* CounterAppDelegate.h */,
				B2094B17153B312B00E57181 /* CounterAppDelegate.m */,
				B2094B19153B312B00E57181 /* MainStoryboard.storyboard */,
				B2094B1C153B312B00E57181 /* CounterViewController.h */,
				B2094B1D153B312B00E57181 /* CounterViewController.m */,
				B2094B0E153B312B00E57181 /* Supporting Files */,
			);
			path = app_ichiyazuke_ios;
			sourceTree = "<group>";
		};
		B2094B0E153B312B00E57181 /* Supporting Files */ = {
			isa = PBXGroup;
			children = (
				B2094B0F153B312B00E57181 /* app_ichiyazuke_ios-Info.plist */,
				B2094B10153B312B00E57181 /* InfoPlist.strings */,
				B2094B13153B312B00E57181 /* main.m */,
				B2094B15153B312B00E57181 /* app_ichiyazuke_ios-Prefix.pch */,
			);
			name = "Supporting Files";
			sourceTree = "<group>";
		};
		B2094B2B153B312B00E57181 /* app_ichiyazuke_iosTests */ = {
			isa = PBXGroup;
			children = (
				B2094B31153B312B00E57181 /* app_ichiyazuke_iosTests.h */,
				B2094B32153B312B00E57181 /* app_ichiyazuke_iosTests.m */,
				B2094B2C153B312B00E57181 /* Supporting Files */,
			);
			path = app_ichiyazuke_iosTests;
			sourceTree = "<group>";
		};
		B2094B2C153B312B00E57181 /* Supporting Files */ = {
			isa = PBXGroup;
			children = (
				B2094B2D153B312B00E57181 /* app_ichiyazuke_iosTests-Info.plist */,
				B2094B2E153B312B00E57181 /* InfoPlist.strings */,
			);
			name = "Supporting Files";
			sourceTree = "<group>";
		};
/* End PBXGroup section */

/* Begin PBXNativeTarget section */
		B2094B02153B312B00E57181 /* app_ichiyazuke_ios */ = {
			isa = PBXNativeTarget;
			buildConfigurationList = B2094B36153B312B00E57181 /* Build configuration list for PBXNativeTarget "app_ichiyazuke_ios" */;
			buildPhases = (
				B2094AFF153B312B00E57181 /* Sources */,
				B2094B00153B312B00E57181 /* Frameworks */,
				B2094B01153B312B00E57181 /* Resources */,
			);
			buildRules = (
			);
			dependencies = (
			);
			name = app_ichiyazuke_ios;
			productName = app_ichiyazuke_ios;
			productReference = B2094B03153B312B00E57181 /* app_ichiyazuke_ios.app */;
			productType = "com.apple.product-type.application";
		};
		B2094B23153B312B00E57181 /* app_ichiyazuke_iosTests */ = {
			isa = PBXNativeTarget;
			buildConfigurationList = B2094B39153B312B00E57181 /* Build configuration list for PBXNativeTarget "app_ichiyazuke_iosTests" */;
			buildPhases = (
				B2094B1F153B312B00E57181 /* Sources */,
				B2094B20153B312B00E57181 /* Frameworks */,
				B2094B21153B312B00E57181 /* Resources */,
				B2094B22153B312B00E57181 /* ShellScript */,
			);
			buildRules = (
			);
			dependencies = (
				B2094B2A153B312B00E57181 /* PBXTargetDependency */,
			);
			name = app_ichiyazuke_iosTests;
			productName = app_ichiyazuke_iosTests;
			productReference = B2094B24153B312B00E57181 /* app_ichiyazuke_iosTests.octest */;
			productType = "com.apple.product-type.bundle";
		};
/* End PBXNativeTarget section */

/* Begin PBXProject section */
		B2094AFA153B312A00E57181 /* Project object */ = {
			isa = PBXProject;
			attributes = {
				CLASSPREFIX = Counter;
				LastUpgradeCheck = 0430;
				ORGANIZATIONNAME = "キラメックス株式会社";
			};
			buildConfigurationList = B2094AFD153B312A00E57181 /* Build configuration list for PBXProject "app_ichiyazuke_ios" */;
			compatibilityVersion = "Xcode 3.2";
			developmentRegion = English;
			hasScannedForEncodings = 0;
			knownRegions = (
				en,
			);
			mainGroup = B2094AF8153B312A00E57181;
			productRefGroup = B2094B04153B312B00E57181 /* Products */;
			projectDirPath = "";
			projectRoot = "";
			targets = (
				B2094B02153B312B00E57181 /* app_ichiyazuke_ios */,
				B2094B23153B312B00E57181 /* app_ichiyazuke_iosTests */,
			);
		};
/* End PBXProject section */

/* Begin PBXResourcesBuildPhase section */
		B2094B01153B312B00E57181 /* Resources */ = {
			isa = PBXResourcesBuildPhase;
			buildActionMask = 2147483647;
			files = (
				B2094B12153B312B00E57181 /* InfoPlist.strings in Resources */,
				B2094B1B153B312B00E57181 /* MainStoryboard.storyboard in Resources */,
				B2B03664154273AF003E211D /* ichiyazuke_icon_002.png in Resources */,
				B2B0366615427459003E211D /* ichiyazuke_icon_001.png in Resources */,
				B2B0366A15427873003E211D /* Default.png in Resources */,
				B2B0366E15427A27003E211D /* Default@2x.png in Resources */,
			);
			runOnlyForDeploymentPostprocessing = 0;
		};
		B2094B21153B312B00E57181 /* Resources */ = {
			isa = PBXResourcesBuildPhase;
			buildActionMask = 2147483647;
			files = (
				B2094B30153B312B00E57181 /* InfoPlist.strings in Resources */,
			);
			runOnlyForDeploymentPostprocessing = 0;
		};
/* End PBXResourcesBuildPhase section */

/* Begin PBXShellScriptBuildPhase section */
		B2094B22153B312B00E57181 /* ShellScript */ = {
			isa = PBXShellScriptBuildPhase;
			buildActionMask = 2147483647;
			files = (
			);
			inputPaths = (
			);
			outputPaths = (
			);
			runOnlyForDeploymentPostprocessing = 0;
			shellPath = /bin/sh;
			shellScript = "# Run the unit tests in this test bundle.\n\"${SYSTEM_DEVELOPER_DIR}/Tools/RunUnitTests\"\n";
		};
/* End PBXShellScriptBuildPhase section */

/* Begin PBXSourcesBuildPhase section */
		B2094AFF153B312B00E57181 /* Sources */ = {
			isa = PBXSourcesBuildPhase;
			buildActionMask = 2147483647;
			files = (
				B2094B14153B312B00E57181 /* main.m in Sources */,
				B2094B18153B312B00E57181 /* CounterAppDelegate.m in Sources */,
				B2094B1E153B312B00E57181 /* CounterViewController.m in Sources */,
			);
			runOnlyForDeploymentPostprocessing = 0;
		};
		B2094B1F153B312B00E57181 /* Sources */ = {
			isa = PBXSourcesBuildPhase;
			buildActionMask = 2147483647;
			files = (
				B2094B33153B312B00E57181 /* app_ichiyazuke_iosTests.m in Sources */,
			);
			runOnlyForDeploymentPostprocessing = 0;
		};
/* End PBXSourcesBuildPhase section */

/* Begin PBXTargetDependency section */
		B2094B2A153B312B00E57181 /* PBXTargetDependency */ = {
			isa = PBXTargetDependency;
			target = B2094B02153B312B00E57181 /* app_ichiyazuke_ios */;
			targetProxy = B2094B29153B312B00E57181 /* PBXContainerItemProxy */;
		};
/* End PBXTargetDependency section */

/* Begin PBXVariantGroup section */
		B2094B10153B312B00E57181 /* InfoPlist.strings */ = {
			isa = PBXVariantGroup;
			children = (
				B2094B11153B312B00E57181 /* en */,
			);
			name = InfoPlist.strings;
			sourceTree = "<group>";
		};
		B2094B19153B312B00E57181 /* MainStoryboard.storyboard */ = {
			isa = PBXVariantGroup;
			children = (
				B2094B1A153B312B00E57181 /* en */,
			);
			name = MainStoryboard.storyboard;
			sourceTree = "<group>";
		};
		B2094B2E153B312B00E57181 /* InfoPlist.strings */ = {
			isa = PBXVariantGroup;
			children = (
				B2094B2F153B312B00E57181 /* en */,
			);
			name = InfoPlist.strings;
			sourceTree = "<group>";
		};
/* End PBXVariantGroup section */

/* Begin XCBuildConfiguration section */
		B2094B34153B312B00E57181 /* Debug */ = {
			isa = XCBuildConfiguration;
			buildSettings = {
				ALWAYS_SEARCH_USER_PATHS = NO;
				ARCHS = "$(ARCHS_STANDARD_32_BIT)";
				CLANG_ENABLE_OBJC_ARC = YES;
				"CODE_SIGN_IDENTITY[sdk=iphoneos*]" = "iPhone Developer";
				COPY_PHASE_STRIP = NO;
				GCC_C_LANGUAGE_STANDARD = gnu99;
				GCC_DYNAMIC_NO_PIC = NO;
				GCC_OPTIMIZATION_LEVEL = 0;
				GCC_PREPROCESSOR_DEFINITIONS = (
					"DEBUG=1",
					"$(inherited)",
				);
				GCC_SYMBOLS_PRIVATE_EXTERN = NO;
				GCC_VERSION = com.apple.compilers.llvm.clang.1_0;
				GCC_WARN_ABOUT_RETURN_TYPE = YES;
				GCC_WARN_UNINITIALIZED_AUTOS = YES;
				GCC_WARN_UNUSED_VARIABLE = YES;
				IPHONEOS_DEPLOYMENT_TARGET = 5.1;
				SDKROOT = iphoneos;
			};
			name = Debug;
		};
		B2094B35153B312B00E57181 /* Release */ = {
			isa = XCBuildConfiguration;
			buildSettings = {
				ALWAYS_SEARCH_USER_PATHS = NO;
				ARCHS = "$(ARCHS_STANDARD_32_BIT)";
				CLANG_ENABLE_OBJC_ARC = YES;
				"CODE_SIGN_IDENTITY[sdk=iphoneos*]" = "iPhone Developer";
				COPY_PHASE_STRIP = YES;
				GCC_C_LANGUAGE_STANDARD = gnu99;
				GCC_VERSION = com.apple.compilers.llvm.clang.1_0;
				GCC_WARN_ABOUT_RETURN_TYPE = YES;
				GCC_WARN_UNINITIALIZED_AUTOS = YES;
				GCC_WARN_UNUSED_VARIABLE = YES;
				IPHONEOS_DEPLOYMENT_TARGET = 5.1;
				OTHER_CFLAGS = "-DNS_BLOCK_ASSERTIONS=1";
				SDKROOT = iphoneos;
				VALIDATE_PRODUCT = YES;
			};
			name = Release;
		};
		B2094B37153B312B00E57181 /* Debug */ = {
			isa = XCBuildConfiguration;
			buildSettings = {
				GCC_PRECOMPILE_PREFIX_HEADER = YES;
				GCC_PREFIX_HEADER = "app_ichiyazuke_ios/app_ichiyazuke_ios-Prefix.pch";
				INFOPLIST_FILE = "app_ichiyazuke_ios/app_ichiyazuke_ios-Info.plist";
				PRODUCT_NAME = "$(TARGET_NAME)";
				WRAPPER_EXTENSION = app;
			};
			name = Debug;
		};
		B2094B38153B312B00E57181 /* Release */ = {
			isa = XCBuildConfiguration;
			buildSettings = {
				GCC_PRECOMPILE_PREFIX_HEADER = YES;
				GCC_PREFIX_HEADER = "app_ichiyazuke_ios/app_ichiyazuke_ios-Prefix.pch";
				INFOPLIST_FILE = "app_ichiyazuke_ios/app_ichiyazuke_ios-Info.plist";
				PRODUCT_NAME = "$(TARGET_NAME)";
				WRAPPER_EXTENSION = app;
			};
			name = Release;
		};
		B2094B3A153B312B00E57181 /* Debug */ = {
			isa = XCBuildConfiguration;
			buildSettings = {
				BUNDLE_LOADER = "$(BUILT_PRODUCTS_DIR)/app_ichiyazuke_ios.app/app_ichiyazuke_ios";
				FRAMEWORK_SEARCH_PATHS = (
					"$(SDKROOT)/Developer/Library/Frameworks",
					"$(DEVELOPER_LIBRARY_DIR)/Frameworks",
				);
				GCC_PRECOMPILE_PREFIX_HEADER = YES;
				GCC_PREFIX_HEADER = "app_ichiyazuke_ios/app_ichiyazuke_ios-Prefix.pch";
				INFOPLIST_FILE = "app_ichiyazuke_iosTests/app_ichiyazuke_iosTests-Info.plist";
				PRODUCT_NAME = "$(TARGET_NAME)";
				TEST_HOST = "$(BUNDLE_LOADER)";
				WRAPPER_EXTENSION = octest;
			};
			name = Debug;
		};
		B2094B3B153B312B00E57181 /* Release */ = {
			isa = XCBuildConfiguration;
			buildSettings = {
				BUNDLE_LOADER = "$(BUILT_PRODUCTS_DIR)/app_ichiyazuke_ios.app/app_ichiyazuke_ios";
				FRAMEWORK_SEARCH_PATHS = (
					"$(SDKROOT)/Developer/Library/Frameworks",
					"$(DEVELOPER_LIBRARY_DIR)/Frameworks",
				);
				GCC_PRECOMPILE_PREFIX_HEADER = YES;
				GCC_PREFIX_HEADER = "app_ichiyazuke_ios/app_ichiyazuke_ios-Prefix.pch";
				INFOPLIST_FILE = "app_ichiyazuke_iosTests/app_ichiyazuke_iosTests-Info.plist";
				PRODUCT_NAME = "$(TARGET_NAME)";
				TEST_HOST = "$(BUNDLE_LOADER)";
				WRAPPER_EXTENSION = octest;
			};
			name = Release;
		};
/* End XCBuildConfiguration section */

/* Begin XCConfigurationList section */
		B2094AFD153B312A00E57181 /* Build configuration list for PBXProject "app_ichiyazuke_ios" */ = {
			isa = XCConfigurationList;
			buildConfigurations = (
				B2094B34153B312B00E57181 /* Debug */,
				B2094B35153B312B00E57181 /* Release */,
			);
			defaultConfigurationIsVisible = 0;
			defaultConfigurationName = Release;
		};
		B2094B36153B312B00E57181 /* Build configuration list for PBXNativeTarget "app_ichiyazuke_ios" */ = {
			isa = XCConfigurationList;
			buildConfigurations = (
				B2094B37153B312B00E57181 /* Debug */,
				B2094B38153B312B00E57181 /* Release */,
			);
			defaultConfigurationIsVisible = 0;
			defaultConfigurationName = Release;
		};
		B2094B39153B312B00E57181 /* Build configuration list for PBXNativeTarget "app_ichiyazuke_iosTests" */ = {
			isa = XCConfigurationList;
			buildConfigurations = (
				B2094B3A153B312B00E57181 /* Debug */,
				B2094B3B153B312B00E57181 /* Release */,
			);
			defaultConfigurationIsVisible = 0;
			defaultConfigurationName = Release;
		};
/* End XCConfigurationList section */
	};
	rootObject = B2094AFA153B312A00E57181 /* Project object */;
}
