// !$*UTF8*$!
{
	archiveVersion = 1;
	classes = {
	};
	objectVersion = 46;
	objects = {

/* Begin PBXBuildFile section */
		FD24C46A159B65CF00AE6262 /* PanelViewController.m in Sources */ = {isa = PBXBuildFile; fileRef = FD24C469159B65CF00AE6262 /* PanelViewController.m */; };
		FD579424156798E800FC8EDB /* SettingTableViewController.m in Sources */ = {isa = PBXBuildFile; fileRef = FD579423156798E800FC8EDB /* SettingTableViewController.m */; };
		FD5F3073155258EC0076879C /* UIKit.framework in Frameworks */ = {isa = PBXBuildFile; fileRef = FD5F3072155258EC0076879C /* UIKit.framework */; };
		FD5F3075155258EC0076879C /* Foundation.framework in Frameworks */ = {isa = PBXBuildFile; fileRef = FD5F3074155258EC0076879C /* Foundation.framework */; };
		FD5F3077155258EC0076879C /* CoreGraphics.framework in Frameworks */ = {isa = PBXBuildFile; fileRef = FD5F3076155258EC0076879C /* CoreGraphics.framework */; };
		FD5F307D155258EC0076879C /* InfoPlist.strings in Resources */ = {isa = PBXBuildFile; fileRef = FD5F307B155258EC0076879C /* InfoPlist.strings */; };
		FD5F307F155258EC0076879C /* main.m in Sources */ = {isa = PBXBuildFile; fileRef = FD5F307E155258EC0076879C /* main.m */; };
		FD5F3083155258EC0076879C /* AppDelegate.m in Sources */ = {isa = PBXBuildFile; fileRef = FD5F3082155258EC0076879C /* AppDelegate.m */; };
		FD5F3086155258EC0076879C /* MainStoryboard.storyboard in Resources */ = {isa = PBXBuildFile; fileRef = FD5F3084155258EC0076879C /* MainStoryboard.storyboard */; };
		FD60275B1610A141005A485B /* Icon.png in Resources */ = {isa = PBXBuildFile; fileRef = FD60275A1610A141005A485B /* Icon.png */; };
		FD7605D9157093010078D464 /* GradeTableViewController.m in Sources */ = {isa = PBXBuildFile; fileRef = FD7605D8157093010078D464 /* GradeTableViewController.m */; };
		FD7605E01570D54F0078D464 /* CategoryTableViewController.m in Sources */ = {isa = PBXBuildFile; fileRef = FD7605DF1570D54F0078D464 /* CategoryTableViewController.m */; };
		FD7605E31570D7C90078D464 /* LevelTableViewController.m in Sources */ = {isa = PBXBuildFile; fileRef = FD7605E21570D7C80078D464 /* LevelTableViewController.m */; };
		FD870540159CB905005E63E8 /* PanelImageView.m in Sources */ = {isa = PBXBuildFile; fileRef = FD87053F159CB905005E63E8 /* PanelImageView.m */; };
		FD870543159CBB8E005E63E8 /* QuestionViewController.m in Sources */ = {isa = PBXBuildFile; fileRef = FD870542159CBB8E005E63E8 /* QuestionViewController.m */; };
		FD9302E516213CEB00101032 /* Default.png in Resources */ = {isa = PBXBuildFile; fileRef = FD9302DB16213CEB00101032 /* Default.png */; };
		FD9302E616213CEB00101032 /* q1.png in Resources */ = {isa = PBXBuildFile; fileRef = FD9302DC16213CEB00101032 /* q1.png */; };
		FD9302E716213CEB00101032 /* q2.png in Resources */ = {isa = PBXBuildFile; fileRef = FD9302DD16213CEB00101032 /* q2.png */; };
		FD9302E816213CEB00101032 /* q3.png in Resources */ = {isa = PBXBuildFile; fileRef = FD9302DE16213CEB00101032 /* q3.png */; };
		FD9302E916213CEB00101032 /* q4.png in Resources */ = {isa = PBXBuildFile; fileRef = FD9302DF16213CEB00101032 /* q4.png */; };
		FD9302EA16213CEB00101032 /* q5.png in Resources */ = {isa = PBXBuildFile; fileRef = FD9302E016213CEB00101032 /* q5.png */; };
		FD9302EB16213CEB00101032 /* q6.png in Resources */ = {isa = PBXBuildFile; fileRef = FD9302E116213CEB00101032 /* q6.png */; };
		FD9302EC16213CEB00101032 /* q7.png in Resources */ = {isa = PBXBuildFile; fileRef = FD9302E216213CEB00101032 /* q7.png */; };
		FD9302ED16213CEB00101032 /* q8.png in Resources */ = {isa = PBXBuildFile; fileRef = FD9302E316213CEB00101032 /* q8.png */; };
		FD9302EE16213CEB00101032 /* q9.png in Resources */ = {isa = PBXBuildFile; fileRef = FD9302E416213CEB00101032 /* q9.png */; };
		FD9877BA15A85D6F00CB32A4 /* LoginTableViewController.m in Sources */ = {isa = PBXBuildFile; fileRef = FD9877B915A85D6F00CB32A4 /* LoginTableViewController.m */; };
		FDB9E31716133B180008B136 /* question.js in Sources */ = {isa = PBXBuildFile; fileRef = FDB9E31616133B180008B136 /* question.js */; };
		FDB9E31A16134D910008B136 /* math.html in Resources */ = {isa = PBXBuildFile; fileRef = FDB9E31916134D910008B136 /* math.html */; };
		FDBD8AF115FC437C006BBB10 /* question.css in Resources */ = {isa = PBXBuildFile; fileRef = FDBD8AF015FC437C006BBB10 /* question.css */; };
		FDDA08EE15F202A400878189 /* AnswerViewController.m in Sources */ = {isa = PBXBuildFile; fileRef = FDDA08ED15F202A400878189 /* AnswerViewController.m */; };
/* End PBXBuildFile section */

/* Begin PBXFileReference section */
		FD24C468159B65CF00AE6262 /* PanelViewController.h */ = {isa = PBXFileReference; fileEncoding = 4; lastKnownFileType = sourcecode.c.h; path = PanelViewController.h; sourceTree = "<group>"; };
		FD24C469159B65CF00AE6262 /* PanelViewController.m */ = {isa = PBXFileReference; fileEncoding = 4; lastKnownFileType = sourcecode.c.objc; path = PanelViewController.m; sourceTree = "<group>"; };
		FD3F3E7E16215DEE006FCE1B /* GTMHTTPFetcher.h */ = {isa = PBXFileReference; lastKnownFileType = sourcecode.c.h; name = GTMHTTPFetcher.h; path = ../GTMHTTPFetcher.h; sourceTree = "<group>"; };
		FD3F3E7F16215DEE006FCE1B /* GTMHTTPFetcher.m */ = {isa = PBXFileReference; lastKnownFileType = sourcecode.c.objc; name = GTMHTTPFetcher.m; path = ../GTMHTTPFetcher.m; sourceTree = "<group>"; };
		FD579422156798E700FC8EDB /* SettingTableViewController.h */ = {isa = PBXFileReference; fileEncoding = 4; lastKnownFileType = sourcecode.c.h; path = SettingTableViewController.h; sourceTree = "<group>"; };
		FD579423156798E800FC8EDB /* SettingTableViewController.m */ = {isa = PBXFileReference; fileEncoding = 4; lastKnownFileType = sourcecode.c.objc; path = SettingTableViewController.m; sourceTree = "<group>"; };
		FD5F306E155258EC0076879C /* ichiyazuke_ios.app */ = {isa = PBXFileReference; explicitFileType = wrapper.application; includeInIndex = 0; path = ichiyazuke_ios.app; sourceTree = BUILT_PRODUCTS_DIR; };
		FD5F3072155258EC0076879C /* UIKit.framework */ = {isa = PBXFileReference; lastKnownFileType = wrapper.framework; name = UIKit.framework; path = System/Library/Frameworks/UIKit.framework; sourceTree = SDKROOT; };
		FD5F3074155258EC0076879C /* Foundation.framework */ = {isa = PBXFileReference; lastKnownFileType = wrapper.framework; name = Foundation.framework; path = System/Library/Frameworks/Foundation.framework; sourceTree = SDKROOT; };
		FD5F3076155258EC0076879C /* CoreGraphics.framework */ = {isa = PBXFileReference; lastKnownFileType = wrapper.framework; name = CoreGraphics.framework; path = System/Library/Frameworks/CoreGraphics.framework; sourceTree = SDKROOT; };
		FD5F307A155258EC0076879C /* ichiyazuke_ios-Info.plist */ = {isa = PBXFileReference; lastKnownFileType = text.plist.xml; path = "ichiyazuke_ios-Info.plist"; sourceTree = "<group>"; };
		FD5F307C155258EC0076879C /* en */ = {isa = PBXFileReference; lastKnownFileType = text.plist.strings; name = en; path = en.lproj/InfoPlist.strings; sourceTree = "<group>"; };
		FD5F307E155258EC0076879C /* main.m */ = {isa = PBXFileReference; lastKnownFileType = sourcecode.c.objc; path = main.m; sourceTree = "<group>"; };
		FD5F3080155258EC0076879C /* ichiyazuke_ios-Prefix.pch */ = {isa = PBXFileReference; lastKnownFileType = sourcecode.c.h; path = "ichiyazuke_ios-Prefix.pch"; sourceTree = "<group>"; };
		FD5F3081155258EC0076879C /* AppDelegate.h */ = {isa = PBXFileReference; lastKnownFileType = sourcecode.c.h; path = AppDelegate.h; sourceTree = "<group>"; };
		FD5F3082155258EC0076879C /* AppDelegate.m */ = {isa = PBXFileReference; lastKnownFileType = sourcecode.c.objc; path = AppDelegate.m; sourceTree = "<group>"; };
		FD5F3085155258EC0076879C /* en */ = {isa = PBXFileReference; lastKnownFileType = file.storyboard; name = en; path = en.lproj/MainStoryboard.storyboard; sourceTree = "<group>"; };
		FD60275A1610A141005A485B /* Icon.png */ = {isa = PBXFileReference; lastKnownFileType = image.png; path = Icon.png; sourceTree = "<group>"; };
		FD7605D7157093010078D464 /* GradeTableViewController.h */ = {isa = PBXFileReference; fileEncoding = 4; lastKnownFileType = sourcecode.c.h; path = GradeTableViewController.h; sourceTree = "<group>"; };
		FD7605D8157093010078D464 /* GradeTableViewController.m */ = {isa = PBXFileReference; fileEncoding = 4; lastKnownFileType = sourcecode.c.objc; path = GradeTableViewController.m; sourceTree = "<group>"; };
		FD7605DE1570D54E0078D464 /* CategoryTableViewController.h */ = {isa = PBXFileReference; fileEncoding = 4; lastKnownFileType = sourcecode.c.h; path = CategoryTableViewController.h; sourceTree = "<group>"; };
		FD7605DF1570D54F0078D464 /* CategoryTableViewController.m */ = {isa = PBXFileReference; fileEncoding = 4; lastKnownFileType = sourcecode.c.objc; path = CategoryTableViewController.m; sourceTree = "<group>"; };
		FD7605E11570D7C80078D464 /* LevelTableViewController.h */ = {isa = PBXFileReference; fileEncoding = 4; lastKnownFileType = sourcecode.c.h; path = LevelTableViewController.h; sourceTree = "<group>"; };
		FD7605E21570D7C80078D464 /* LevelTableViewController.m */ = {isa = PBXFileReference; fileEncoding = 4; lastKnownFileType = sourcecode.c.objc; path = LevelTableViewController.m; sourceTree = "<group>"; };
		FD87053E159CB905005E63E8 /* PanelImageView.h */ = {isa = PBXFileReference; fileEncoding = 4; lastKnownFileType = sourcecode.c.h; path = PanelImageView.h; sourceTree = "<group>"; };
		FD87053F159CB905005E63E8 /* PanelImageView.m */ = {isa = PBXFileReference; fileEncoding = 4; lastKnownFileType = sourcecode.c.objc; path = PanelImageView.m; sourceTree = "<group>"; };
		FD870541159CBB8E005E63E8 /* QuestionViewController.h */ = {isa = PBXFileReference; fileEncoding = 4; lastKnownFileType = sourcecode.c.h; path = QuestionViewController.h; sourceTree = "<group>"; };
		FD870542159CBB8E005E63E8 /* QuestionViewController.m */ = {isa = PBXFileReference; fileEncoding = 4; lastKnownFileType = sourcecode.c.objc; path = QuestionViewController.m; sourceTree = "<group>"; };
		FD9302DB16213CEB00101032 /* Default.png */ = {isa = PBXFileReference; lastKnownFileType = image.png; path = Default.png; sourceTree = "<group>"; };
		FD9302DC16213CEB00101032 /* q1.png */ = {isa = PBXFileReference; lastKnownFileType = image.png; path = q1.png; sourceTree = "<group>"; };
		FD9302DD16213CEB00101032 /* q2.png */ = {isa = PBXFileReference; lastKnownFileType = image.png; path = q2.png; sourceTree = "<group>"; };
		FD9302DE16213CEB00101032 /* q3.png */ = {isa = PBXFileReference; lastKnownFileType = image.png; path = q3.png; sourceTree = "<group>"; };
		FD9302DF16213CEB00101032 /* q4.png */ = {isa = PBXFileReference; lastKnownFileType = image.png; path = q4.png; sourceTree = "<group>"; };
		FD9302E016213CEB00101032 /* q5.png */ = {isa = PBXFileReference; lastKnownFileType = image.png; path = q5.png; sourceTree = "<group>"; };
		FD9302E116213CEB00101032 /* q6.png */ = {isa = PBXFileReference; lastKnownFileType = image.png; path = q6.png; sourceTree = "<group>"; };
		FD9302E216213CEB00101032 /* q7.png */ = {isa = PBXFileReference; lastKnownFileType = image.png; path = q7.png; sourceTree = "<group>"; };
		FD9302E316213CEB00101032 /* q8.png */ = {isa = PBXFileReference; lastKnownFileType = image.png; path = q8.png; sourceTree = "<group>"; };
		FD9302E416213CEB00101032 /* q9.png */ = {isa = PBXFileReference; lastKnownFileType = image.png; path = q9.png; sourceTree = "<group>"; };
		FD9877B815A85D6F00CB32A4 /* LoginTableViewController.h */ = {isa = PBXFileReference; fileEncoding = 4; lastKnownFileType = sourcecode.c.h; path = LoginTableViewController.h; sourceTree = "<group>"; };
		FD9877B915A85D6F00CB32A4 /* LoginTableViewController.m */ = {isa = PBXFileReference; fileEncoding = 4; lastKnownFileType = sourcecode.c.objc; path = LoginTableViewController.m; sourceTree = "<group>"; };
		FDB9E31616133B180008B136 /* question.js */ = {isa = PBXFileReference; fileEncoding = 4; lastKnownFileType = sourcecode.javascript; path = question.js; sourceTree = "<group>"; };
		FDB9E31916134D910008B136 /* math.html */ = {isa = PBXFileReference; fileEncoding = 4; lastKnownFileType = text.html; path = math.html; sourceTree = "<group>"; };
		FDBD8AF015FC437C006BBB10 /* question.css */ = {isa = PBXFileReference; fileEncoding = 4; lastKnownFileType = text.css; path = question.css; sourceTree = "<group>"; };
		FDDA08EC15F202A400878189 /* AnswerViewController.h */ = {isa = PBXFileReference; fileEncoding = 4; lastKnownFileType = sourcecode.c.h; path = AnswerViewController.h; sourceTree = "<group>"; };
		FDDA08ED15F202A400878189 /* AnswerViewController.m */ = {isa = PBXFileReference; fileEncoding = 4; lastKnownFileType = sourcecode.c.objc; path = AnswerViewController.m; sourceTree = "<group>"; };
/* End PBXFileReference section */

/* Begin PBXFrameworksBuildPhase section */
		FD5F306B155258EC0076879C /* Frameworks */ = {
			isa = PBXFrameworksBuildPhase;
			buildActionMask = 2147483647;
			files = (
				FD5F3073155258EC0076879C /* UIKit.framework in Frameworks */,
				FD5F3075155258EC0076879C /* Foundation.framework in Frameworks */,
				FD5F3077155258EC0076879C /* CoreGraphics.framework in Frameworks */,
			);
			runOnlyForDeploymentPostprocessing = 0;
		};
/* End PBXFrameworksBuildPhase section */

/* Begin PBXGroup section */
		FD5F3063155258EB0076879C = {
			isa = PBXGroup;
			children = (
				FD5F3078155258EC0076879C /* ichiyazuke_ios */,
				FD5F3071155258EC0076879C /* Frameworks */,
				FD5F306F155258EC0076879C /* Products */,
			);
			sourceTree = "<group>";
		};
		FD5F306F155258EC0076879C /* Products */ = {
			isa = PBXGroup;
			children = (
				FD5F306E155258EC0076879C /* ichiyazuke_ios.app */,
			);
			name = Products;
			sourceTree = "<group>";
		};
		FD5F3071155258EC0076879C /* Frameworks */ = {
			isa = PBXGroup;
			children = (
				FD5F3072155258EC0076879C /* UIKit.framework */,
				FD5F3074155258EC0076879C /* Foundation.framework */,
				FD5F3076155258EC0076879C /* CoreGraphics.framework */,
			);
			name = Frameworks;
			sourceTree = "<group>";
		};
		FD5F3078155258EC0076879C /* ichiyazuke_ios */ = {
			isa = PBXGroup;
			children = (
				FDBD8AF315FC43BF006BBB10 /* html */,
				FDC5CD9C1555169200FC64BA /* images */,
				FD5F3079155258EC0076879C /* Supporting Files */,
				FD5F3081155258EC0076879C /* AppDelegate.h */,
				FD5F3082155258EC0076879C /* AppDelegate.m */,
				FD5F3084155258EC0076879C /* MainStoryboard.storyboard */,
				FD3F3E7E16215DEE006FCE1B /* GTMHTTPFetcher.h */,
				FD3F3E7F16215DEE006FCE1B /* GTMHTTPFetcher.m */,
				FD87053E159CB905005E63E8 /* PanelImageView.h */,
				FD87053F159CB905005E63E8 /* PanelImageView.m */,
				FD24C468159B65CF00AE6262 /* PanelViewController.h */,
				FD24C469159B65CF00AE6262 /* PanelViewController.m */,
				FD870541159CBB8E005E63E8 /* QuestionViewController.h */,
				FD870542159CBB8E005E63E8 /* QuestionViewController.m */,
				FDDA08EC15F202A400878189 /* AnswerViewController.h */,
				FDDA08ED15F202A400878189 /* AnswerViewController.m */,
				FD9877B815A85D6F00CB32A4 /* LoginTableViewController.h */,
				FD9877B915A85D6F00CB32A4 /* LoginTableViewController.m */,
				FD579422156798E700FC8EDB /* SettingTableViewController.h */,
				FD579423156798E800FC8EDB /* SettingTableViewController.m */,
				FD7605D7157093010078D464 /* GradeTableViewController.h */,
				FD7605D8157093010078D464 /* GradeTableViewController.m */,
				FD7605DE1570D54E0078D464 /* CategoryTableViewController.h */,
				FD7605DF1570D54F0078D464 /* CategoryTableViewController.m */,
				FD7605E11570D7C80078D464 /* LevelTableViewController.h */,
				FD7605E21570D7C80078D464 /* LevelTableViewController.m */,
			);
			path = ichiyazuke_ios;
			sourceTree = "<group>";
		};
		FD5F3079155258EC0076879C /* Supporting Files */ = {
			isa = PBXGroup;
			children = (
				FD5F307A155258EC0076879C /* ichiyazuke_ios-Info.plist */,
				FD5F307B155258EC0076879C /* InfoPlist.strings */,
				FD5F307E155258EC0076879C /* main.m */,
				FD5F3080155258EC0076879C /* ichiyazuke_ios-Prefix.pch */,
			);
			name = "Supporting Files";
			sourceTree = "<group>";
		};
		FDBD8AF315FC43BF006BBB10 /* html */ = {
			isa = PBXGroup;
			children = (
				FDB9E31916134D910008B136 /* math.html */,
				FDBD8AF015FC437C006BBB10 /* question.css */,
				FDB9E31616133B180008B136 /* question.js */,
			);
			name = html;
			sourceTree = "<group>";
		};
		FDC5CD9C1555169200FC64BA /* images */ = {
			isa = PBXGroup;
			children = (
				FD9302DB16213CEB00101032 /* Default.png */,
				FD9302DC16213CEB00101032 /* q1.png */,
				FD9302DD16213CEB00101032 /* q2.png */,
				FD9302DE16213CEB00101032 /* q3.png */,
				FD9302DF16213CEB00101032 /* q4.png */,
				FD9302E016213CEB00101032 /* q5.png */,
				FD9302E116213CEB00101032 /* q6.png */,
				FD9302E216213CEB00101032 /* q7.png */,
				FD9302E316213CEB00101032 /* q8.png */,
				FD9302E416213CEB00101032 /* q9.png */,
				FD60275A1610A141005A485B /* Icon.png */,
			);
			name = images;
			sourceTree = "<group>";
		};
/* End PBXGroup section */

/* Begin PBXNativeTarget section */
		FD5F306D155258EC0076879C /* ichiyazuke_ios */ = {
			isa = PBXNativeTarget;
			buildConfigurationList = FD5F308C155258EC0076879C /* Build configuration list for PBXNativeTarget "ichiyazuke_ios" */;
			buildPhases = (
				FD5F306A155258EC0076879C /* Sources */,
				FD5F306B155258EC0076879C /* Frameworks */,
				FD5F306C155258EC0076879C /* Resources */,
			);
			buildRules = (
			);
			dependencies = (
			);
			name = ichiyazuke_ios;
			productName = ichiyazuke_ios;
			productReference = FD5F306E155258EC0076879C /* ichiyazuke_ios.app */;
			productType = "com.apple.product-type.application";
		};
/* End PBXNativeTarget section */

/* Begin PBXProject section */
		FD5F3065155258EB0076879C /* Project object */ = {
			isa = PBXProject;
			attributes = {
				LastUpgradeCheck = 0430;
			};
			buildConfigurationList = FD5F3068155258EB0076879C /* Build configuration list for PBXProject "ichiyazuke_ios" */;
			compatibilityVersion = "Xcode 3.2";
			developmentRegion = English;
			hasScannedForEncodings = 0;
			knownRegions = (
				en,
			);
			mainGroup = FD5F3063155258EB0076879C;
			productRefGroup = FD5F306F155258EC0076879C /* Products */;
			projectDirPath = "";
			projectRoot = "";
			targets = (
				FD5F306D155258EC0076879C /* ichiyazuke_ios */,
			);
		};
/* End PBXProject section */

/* Begin PBXResourcesBuildPhase section */
		FD5F306C155258EC0076879C /* Resources */ = {
			isa = PBXResourcesBuildPhase;
			buildActionMask = 2147483647;
			files = (
				FD5F307D155258EC0076879C /* InfoPlist.strings in Resources */,
				FD5F3086155258EC0076879C /* MainStoryboard.storyboard in Resources */,
				FDBD8AF115FC437C006BBB10 /* question.css in Resources */,
				FD60275B1610A141005A485B /* Icon.png in Resources */,
				FDB9E31A16134D910008B136 /* math.html in Resources */,
				FD9302E516213CEB00101032 /* Default.png in Resources */,
				FD9302E616213CEB00101032 /* q1.png in Resources */,
				FD9302E716213CEB00101032 /* q2.png in Resources */,
				FD9302E816213CEB00101032 /* q3.png in Resources */,
				FD9302E916213CEB00101032 /* q4.png in Resources */,
				FD9302EA16213CEB00101032 /* q5.png in Resources */,
				FD9302EB16213CEB00101032 /* q6.png in Resources */,
				FD9302EC16213CEB00101032 /* q7.png in Resources */,
				FD9302ED16213CEB00101032 /* q8.png in Resources */,
				FD9302EE16213CEB00101032 /* q9.png in Resources */,
			);
			runOnlyForDeploymentPostprocessing = 0;
		};
/* End PBXResourcesBuildPhase section */

/* Begin PBXSourcesBuildPhase section */
		FD5F306A155258EC0076879C /* Sources */ = {
			isa = PBXSourcesBuildPhase;
			buildActionMask = 2147483647;
			files = (
				FD5F307F155258EC0076879C /* main.m in Sources */,
				FD5F3083155258EC0076879C /* AppDelegate.m in Sources */,
				FD579424156798E800FC8EDB /* SettingTableViewController.m in Sources */,
				FD7605D9157093010078D464 /* GradeTableViewController.m in Sources */,
				FD7605E01570D54F0078D464 /* CategoryTableViewController.m in Sources */,
				FD7605E31570D7C90078D464 /* LevelTableViewController.m in Sources */,
				FD24C46A159B65CF00AE6262 /* PanelViewController.m in Sources */,
				FD870540159CB905005E63E8 /* PanelImageView.m in Sources */,
				FD870543159CBB8E005E63E8 /* QuestionViewController.m in Sources */,
				FD9877BA15A85D6F00CB32A4 /* LoginTableViewController.m in Sources */,
				FDDA08EE15F202A400878189 /* AnswerViewController.m in Sources */,
				FDB9E31716133B180008B136 /* question.js in Sources */,
			);
			runOnlyForDeploymentPostprocessing = 0;
		};
/* End PBXSourcesBuildPhase section */

/* Begin PBXVariantGroup section */
		FD5F307B155258EC0076879C /* InfoPlist.strings */ = {
			isa = PBXVariantGroup;
			children = (
				FD5F307C155258EC0076879C /* en */,
			);
			name = InfoPlist.strings;
			sourceTree = "<group>";
		};
		FD5F3084155258EC0076879C /* MainStoryboard.storyboard */ = {
			isa = PBXVariantGroup;
			children = (
				FD5F3085155258EC0076879C /* en */,
			);
			name = MainStoryboard.storyboard;
			sourceTree = "<group>";
		};
/* End PBXVariantGroup section */

/* Begin XCBuildConfiguration section */
		FD5F308A155258EC0076879C /* Debug */ = {
			isa = XCBuildConfiguration;
			buildSettings = {
				ALWAYS_SEARCH_USER_PATHS = NO;
				ARCHS = "$(ARCHS_STANDARD_32_BIT)";
				CLANG_ENABLE_OBJC_ARC = YES;
				"CODE_SIGN_IDENTITY[sdk=iphoneos*]" = "iPhone Developer";
				COPY_PHASE_STRIP = NO;
				GCC_C_LANGUAGE_STANDARD = gnu99;
				GCC_DYNAMIC_NO_PIC = NO;
				GCC_OPTIMIZATION_LEVEL = 0;
				GCC_PREPROCESSOR_DEFINITIONS = (
					"DEBUG=1",
					"$(inherited)",
				);
				GCC_SYMBOLS_PRIVATE_EXTERN = NO;
				GCC_VERSION = com.apple.compilers.llvm.clang.1_0;
				GCC_WARN_ABOUT_RETURN_TYPE = YES;
				GCC_WARN_UNINITIALIZED_AUTOS = YES;
				GCC_WARN_UNUSED_VARIABLE = YES;
				IPHONEOS_DEPLOYMENT_TARGET = 5.1;
				SDKROOT = iphoneos;
			};
			name = Debug;
		};
		FD5F308B155258EC0076879C /* Release */ = {
			isa = XCBuildConfiguration;
			buildSettings = {
				ALWAYS_SEARCH_USER_PATHS = NO;
				ARCHS = "$(ARCHS_STANDARD_32_BIT)";
				CLANG_ENABLE_OBJC_ARC = YES;
				"CODE_SIGN_IDENTITY[sdk=iphoneos*]" = "iPhone Developer";
				COPY_PHASE_STRIP = YES;
				GCC_C_LANGUAGE_STANDARD = gnu99;
				GCC_VERSION = com.apple.compilers.llvm.clang.1_0;
				GCC_WARN_ABOUT_RETURN_TYPE = YES;
				GCC_WARN_UNINITIALIZED_AUTOS = YES;
				GCC_WARN_UNUSED_VARIABLE = YES;
				IPHONEOS_DEPLOYMENT_TARGET = 5.1;
				OTHER_CFLAGS = "-DNS_BLOCK_ASSERTIONS=1";
				SDKROOT = iphoneos;
				VALIDATE_PRODUCT = YES;
			};
			name = Release;
		};
		FD5F308D155258EC0076879C /* Debug */ = {
			isa = XCBuildConfiguration;
			buildSettings = {
				GCC_PRECOMPILE_PREFIX_HEADER = YES;
				GCC_PREFIX_HEADER = "ichiyazuke_ios/ichiyazuke_ios-Prefix.pch";
				INFOPLIST_FILE = "ichiyazuke_ios/ichiyazuke_ios-Info.plist";
				PRODUCT_NAME = "$(TARGET_NAME)";
				WRAPPER_EXTENSION = app;
			};
			name = Debug;
		};
		FD5F308E155258EC0076879C /* Release */ = {
			isa = XCBuildConfiguration;
			buildSettings = {
				GCC_PRECOMPILE_PREFIX_HEADER = YES;
				GCC_PREFIX_HEADER = "ichiyazuke_ios/ichiyazuke_ios-Prefix.pch";
				INFOPLIST_FILE = "ichiyazuke_ios/ichiyazuke_ios-Info.plist";
				PRODUCT_NAME = "$(TARGET_NAME)";
				WRAPPER_EXTENSION = app;
			};
			name = Release;
		};
/* End XCBuildConfiguration section */

/* Begin XCConfigurationList section */
		FD5F3068155258EB0076879C /* Build configuration list for PBXProject "ichiyazuke_ios" */ = {
			isa = XCConfigurationList;
			buildConfigurations = (
				FD5F308A155258EC0076879C /* Debug */,
				FD5F308B155258EC0076879C /* Release */,
			);
			defaultConfigurationIsVisible = 0;
			defaultConfigurationName = Release;
		};
		FD5F308C155258EC0076879C /* Build configuration list for PBXNativeTarget "ichiyazuke_ios" */ = {
			isa = XCConfigurationList;
			buildConfigurations = (
				FD5F308D155258EC0076879C /* Debug */,
				FD5F308E155258EC0076879C /* Release */,
			);
			defaultConfigurationIsVisible = 0;
			defaultConfigurationName = Release;
		};
/* End XCConfigurationList section */
	};
	rootObject = FD5F3065155258EB0076879C /* Project object */;
}
